{
  "name": "ast",
  "version": "1.0.0",
  "lockfileVersion": 1,
  "requires": true,
  "dependencies": {
    "ast-types": {
      "version": "0.11.6",
      "resolved": "http://registry.npm.taobao.org/ast-types/download/ast-types-0.11.6.tgz",
      "integrity": "sha1-TiJmwmWIKa7ztAzDOtWZxOnrie8="
    },
    "esprima": {
      "version": "4.0.1",
      "resolved": "http://registry.npm.taobao.org/esprima/download/esprima-4.0.1.tgz",
      "integrity": "sha1-E7BM2z5sXRnfkatph6hpVhmwqnE="
    },
    "private": {
      "version": "0.1.8",
      "resolved": "http://registry.npm.taobao.org/private/download/private-0.1.8.tgz",
      "integrity": "sha1-I4Hts2ifelPWUxkAYPz4ItLzaP8="
    },
    "recast": {
      "version": "0.16.1",
      "resolved": "http://registry.npm.taobao.org/recast/download/recast-0.16.1.tgz",
      "integrity": "sha1-hl8YAO925C5dA3V2O4D01qBfIGk=",
      "requires": {
        "ast-types": "0.11.6",
        "esprima": "~4.0.0",
        "private": "~0.1.5",
        "source-map": "~0.6.1"
      }
    },
    "source-map": {
      "version": "0.6.1",
      "resolved": "http://registry.npm.taobao.org/source-map/download/source-map-0.6.1.tgz",
      "integrity": "sha1-dHIq8y6WFOnCh6jQu95IteLxomM="
    }
  }
}
